
Microsoft Visual Studio Solution File, Format Version 12.00
# Visual Studio Version 17
VisualStudioVersion = 17.1.32421.90
MinimumVisualStudioVersion = 10.0.40219.1
Project("{9A19103F-16F7-4668-BE54-9A1E7A4F7556}") = "UniversityApiBackend", "UniversityApiBackend\UniversityApiBackend.csproj", "{2709EAB6-C5EE-4A4C-B7B1-5F03E77B0EF0}"
EndProject
Project("{9A19103F-16F7-4668-BE54-9A1E7A4F7556}") = "LinqSnippets", "..\LinqSnippets\LinqSnippets\LinqSnippets.csproj", "{A62060F5-6D4B-45C2-93D3-DA6580292964}"
EndProject
Global
	GlobalSection(SolutionConfigurationPlatforms) = preSolution
		Debug|Any CPU = Debug|Any CPU
		Release|Any CPU = Release|Any CPU
	EndGlobalSection
	GlobalSection(ProjectConfigurationPlatforms) = postSolution
		{2709EAB6-C5EE-4A4C-B7B1-5F03E77B0EF0}.Debug|Any CPU.ActiveCfg = Debug|Any CPU
		{2709EAB6-C5EE-4A4C-B7B1-5F03E77B0EF0}.Debug|Any CPU.Build.0 = Debug|Any CPU
		{2709EAB6-C5EE-4A4C-B7B1-5F03E77B0EF0}.Release|Any CPU.ActiveCfg = Release|Any CPU
		{2709EAB6-C5EE-4A4C-B7B1-5F03E77B0EF0}.Release|Any CPU.Build.0 = Release|Any CPU
		{A62060F5-6D4B-45C2-93D3-DA6580292964}.Debug|Any CPU.ActiveCfg = Debug|Any CPU
		{A62060F5-6D4B-45C2-93D3-DA6580292964}.Debug|Any CPU.Build.0 = Debug|Any CPU
		{A62060F5-6D4B-45C2-93D3-DA6580292964}.Release|Any CPU.ActiveCfg = Release|Any CPU
		{A62060F5-6D4B-45C2-93D3-DA6580292964}.Release|Any CPU.Build.0 = Release|Any CPU
	EndGlobalSection
	GlobalSection(SolutionProperties) = preSolution
		HideSolutionNode = FALSE
	EndGlobalSection
	GlobalSection(ExtensibilityGlobals) = postSolution
		SolutionGuid = {04FB34BC-63E9-4F18-AA30-EAF2A4DB1213}
	EndGlobalSection
EndGlobal
